# This file is autogenerated, do not edit; changes may be undone by the next 'dep ensure'.


[[projects]]
  branch = "v2"
  name = "gopkg.in/urfave/cli.v2"
  packages = ["."]
  revision = "b2bf3c5abeb90da407891aecd1df2c5a1f6170c1"

[solve-meta]
  analyzer-name = "dep"
  analyzer-version = 1
  inputs-digest = "85d3cd081a4dede35021b3703faa72da3a0a174dfc6f0e8dbc6586f99241eaff"
  solver-name = "gps-cdcl"
  solver-version = 1
